// !$*UTF8*$!
{
	archiveVersion = 1;
	classes = {
	};
	objectVersion = 50;
	objects = {

/* Begin PBXBuildFile section */
		29A7D7872233E8BB00788DD1 /* AppDelegate.swift in Sources */ = {isa = PBXBuildFile; fileRef = 29A7D7862233E8BB00788DD1 /* AppDelegate.swift */; };
		29A7D7892233E8BB00788DD1 /* ViewController.swift in Sources */ = {isa = PBXBuildFile; fileRef = 29A7D7882233E8BB00788DD1 /* ViewController.swift */; };
		29A7D78C2233E8BB00788DD1 /* Main.storyboard in Resources */ = {isa = PBXBuildFile; fileRef = 29A7D78A2233E8BB00788DD1 /* Main.storyboard */; };
		29A7D78F2233E8BB00788DD1 /* AreebWS.xcdatamodeld in Sources */ = {isa = PBXBuildFile; fileRef = 29A7D78D2233E8BB00788DD1 /* AreebWS.xcdatamodeld */; };
		29A7D7912233E8C500788DD1 /* Assets.xcassets in Resources */ = {isa = PBXBuildFile; fileRef = 29A7D7902233E8C500788DD1 /* Assets.xcassets */; };
		29A7D7942233E8C500788DD1 /* LaunchScreen.storyboard in Resources */ = {isa = PBXBuildFile; fileRef = 29A7D7922233E8C500788DD1 /* LaunchScreen.storyboard */; };
		29A7D79F2233E8C600788DD1 /* AreebWSTests.swift in Sources */ = {isa = PBXBuildFile; fileRef = 29A7D79E2233E8C600788DD1 /* AreebWSTests.swift */; };
		29A7D7AA2233E8C600788DD1 /* AreebWSUITests.swift in Sources */ = {isa = PBXBuildFile; fileRef = 29A7D7A92233E8C600788DD1 /* AreebWSUITests.swift */; };
		7114538024EF1A52CD36EC60 /* Pods_AreebWSUITests.framework in Frameworks */ = {isa = PBXBuildFile; fileRef = 53BFEEBD20D954ADACC341D8 /* Pods_AreebWSUITests.framework */; };
		98E794182B746AD30A517FB2 /* Pods_AreebWS.framework in Frameworks */ = {isa = PBXBuildFile; fileRef = 8214895793D10D5BC9AC69A6 /* Pods_AreebWS.framework */; };
		E508C911F77A75E377B366E2 /* Pods_AreebWSTests.framework in Frameworks */ = {isa = PBXBuildFile; fileRef = 87FEF370B117E9A4881C3E86 /* Pods_AreebWSTests.framework */; };
/* End PBXBuildFile section */

/* Begin PBXContainerItemProxy section */
		29A7D79B2233E8C600788DD1 /* PBXContainerItemProxy */ = {
			isa = PBXContainerItemProxy;
			containerPortal = 29A7D77B2233E8BB00788DD1 /* Project object */;
			proxyType = 1;
			remoteGlobalIDString = 29A7D7822233E8BB00788DD1;
			remoteInfo = AreebWS;
		};
		29A7D7A62233E8C600788DD1 /* PBXContainerItemProxy */ = {
			isa = PBXContainerItemProxy;
			containerPortal = 29A7D77B2233E8BB00788DD1 /* Project object */;
			proxyType = 1;
			remoteGlobalIDString = 29A7D7822233E8BB00788DD1;
			remoteInfo = AreebWS;
		};
/* End PBXContainerItemProxy section */

/* Begin PBXFileReference section */
		1DC2FB1351877BFDF754EE9D /* Pods-AreebWSTests.debug.xcconfig */ = {isa = PBXFileReference; includeInIndex = 1; lastKnownFileType = text.xcconfig; name = "Pods-AreebWSTests.debug.xcconfig"; path = "Target Support Files/Pods-AreebWSTests/Pods-AreebWSTests.debug.xcconfig"; sourceTree = "<group>"; };
		29A7D7832233E8BB00788DD1 /* AreebWS.app */ = {isa = PBXFileReference; explicitFileType = wrapper.application; includeInIndex = 0; path = AreebWS.app; sourceTree = BUILT_PRODUCTS_DIR; };
		29A7D7862233E8BB00788DD1 /* AppDelegate.swift */ = {isa = PBXFileReference; lastKnownFileType = sourcecode.swift; path = AppDelegate.swift; sourceTree = "<group>"; };
		29A7D7882233E8BB00788DD1 /* ViewController.swift */ = {isa = PBXFileReference; lastKnownFileType = sourcecode.swift; path = ViewController.swift; sourceTree = "<group>"; };
		29A7D78B2233E8BB00788DD1 /* Base */ = {isa = PBXFileReference; lastKnownFileType = file.storyboard; name = Base; path = Base.lproj/Main.storyboard; sourceTree = "<group>"; };
		29A7D78E2233E8BB00788DD1 /* AreebWS.xcdatamodel */ = {isa = PBXFileReference; lastKnownFileType = wrapper.xcdatamodel; path = AreebWS.xcdatamodel; sourceTree = "<group>"; };
		29A7D7902233E8C500788DD1 /* Assets.xcassets */ = {isa = PBXFileReference; lastKnownFileType = folder.assetcatalog; path = Assets.xcassets; sourceTree = "<group>"; };
		29A7D7932233E8C500788DD1 /* Base */ = {isa = PBXFileReference; lastKnownFileType = file.storyboard; name = Base; path = Base.lproj/LaunchScreen.storyboard; sourceTree = "<group>"; };
		29A7D7952233E8C500788DD1 /* Info.plist */ = {isa = PBXFileReference; lastKnownFileType = text.plist.xml; path = Info.plist; sourceTree = "<group>"; };
		29A7D79A2233E8C600788DD1 /* AreebWSTests.xctest */ = {isa = PBXFileReference; explicitFileType = wrapper.cfbundle; includeInIndex = 0; path = AreebWSTests.xctest; sourceTree = BUILT_PRODUCTS_DIR; };
		29A7D79E2233E8C600788DD1 /* AreebWSTests.swift */ = {isa = PBXFileReference; lastKnownFileType = sourcecode.swift; path = AreebWSTests.swift; sourceTree = "<group>"; };
		29A7D7A02233E8C600788DD1 /* Info.plist */ = {isa = PBXFileReference; lastKnownFileType = text.plist.xml; path = Info.plist; sourceTree = "<group>"; };
		29A7D7A52233E8C600788DD1 /* AreebWSUITests.xctest */ = {isa = PBXFileReference; explicitFileType = wrapper.cfbundle; includeInIndex = 0; path = AreebWSUITests.xctest; sourceTree = BUILT_PRODUCTS_DIR; };
		29A7D7A92233E8C600788DD1 /* AreebWSUITests.swift */ = {isa = PBXFileReference; lastKnownFileType = sourcecode.swift; path = AreebWSUITests.swift; sourceTree = "<group>"; };
		29A7D7AB2233E8C600788DD1 /* Info.plist */ = {isa = PBXFileReference; lastKnownFileType = text.plist.xml; path = Info.plist; sourceTree = "<group>"; };
		45A3AE6ECA12700179F854A5 /* Pods-AreebWSUITests.debug.xcconfig */ = {isa = PBXFileReference; includeInIndex = 1; lastKnownFileType = text.xcconfig; name = "Pods-AreebWSUITests.debug.xcconfig"; path = "Target Support Files/Pods-AreebWSUITests/Pods-AreebWSUITests.debug.xcconfig"; sourceTree = "<group>"; };
		53BFEEBD20D954ADACC341D8 /* Pods_AreebWSUITests.framework */ = {isa = PBXFileReference; explicitFileType = wrapper.framework; includeInIndex = 0; path = Pods_AreebWSUITests.framework; sourceTree = BUILT_PRODUCTS_DIR; };
		6847A89F639448EECE1B5E13 /* Pods-AreebWS.debug.xcconfig */ = {isa = PBXFileReference; includeInIndex = 1; lastKnownFileType = text.xcconfig; name = "Pods-AreebWS.debug.xcconfig"; path = "Target Support Files/Pods-AreebWS/Pods-AreebWS.debug.xcconfig"; sourceTree = "<group>"; };
		8214895793D10D5BC9AC69A6 /* Pods_AreebWS.framework */ = {isa = PBXFileReference; explicitFileType = wrapper.framework; includeInIndex = 0; path = Pods_AreebWS.framework; sourceTree = BUILT_PRODUCTS_DIR; };
		87FEF370B117E9A4881C3E86 /* Pods_AreebWSTests.framework */ = {isa = PBXFileReference; explicitFileType = wrapper.framework; includeInIndex = 0; path = Pods_AreebWSTests.framework; sourceTree = BUILT_PRODUCTS_DIR; };
		C77BB7B6FE60E5858AB8A38A /* Pods-AreebWSTests.release.xcconfig */ = {isa = PBXFileReference; includeInIndex = 1; lastKnownFileType = text.xcconfig; name = "Pods-AreebWSTests.release.xcconfig"; path = "Target Support Files/Pods-AreebWSTests/Pods-AreebWSTests.release.xcconfig"; sourceTree = "<group>"; };
		DD71C3E4D04046DEAAD08DCB /* Pods-AreebWSUITests.release.xcconfig */ = {isa = PBXFileReference; includeInIndex = 1; lastKnownFileType = text.xcconfig; name = "Pods-AreebWSUITests.release.xcconfig"; path = "Target Support Files/Pods-AreebWSUITests/Pods-AreebWSUITests.release.xcconfig"; sourceTree = "<group>"; };
		FDD36E0501DF2852A55CEF4A /* Pods-AreebWS.release.xcconfig */ = {isa = PBXFileReference; includeInIndex = 1; lastKnownFileType = text.xcconfig; name = "Pods-AreebWS.release.xcconfig"; path = "Target Support Files/Pods-AreebWS/Pods-AreebWS.release.xcconfig"; sourceTree = "<group>"; };
/* End PBXFileReference section */

/* Begin PBXFrameworksBuildPhase section */
		29A7D7802233E8BB00788DD1 /* Frameworks */ = {
			isa = PBXFrameworksBuildPhase;
			buildActionMask = 2147483647;
			files = (
				98E794182B746AD30A517FB2 /* Pods_AreebWS.framework in Frameworks */,
			);
			runOnlyForDeploymentPostprocessing = 0;
		};
		29A7D7972233E8C600788DD1 /* Frameworks */ = {
			isa = PBXFrameworksBuildPhase;
			buildActionMask = 2147483647;
			files = (
				E508C911F77A75E377B366E2 /* Pods_AreebWSTests.framework in Frameworks */,
			);
			runOnlyForDeploymentPostprocessing = 0;
		};
		29A7D7A22233E8C600788DD1 /* Frameworks */ = {
			isa = PBXFrameworksBuildPhase;
			buildActionMask = 2147483647;
			files = (
				7114538024EF1A52CD36EC60 /* Pods_AreebWSUITests.framework in Frameworks */,
			);
			runOnlyForDeploymentPostprocessing = 0;
		};
/* End PBXFrameworksBuildPhase section */

/* Begin PBXGroup section */
		29A7D77A2233E8BB00788DD1 = {
			isa = PBXGroup;
			children = (
				29A7D7852233E8BB00788DD1 /* AreebWS */,
				29A7D79D2233E8C600788DD1 /* AreebWSTests */,
				29A7D7A82233E8C600788DD1 /* AreebWSUITests */,
				29A7D7842233E8BB00788DD1 /* Products */,
				E7471F08ABDFBD2B9BB2F7EC /* Pods */,
				5A8D7BC81CD0E6BDDC29F116 /* Frameworks */,
			);
			sourceTree = "<group>";
		};
		29A7D7842233E8BB00788DD1 /* Products */ = {
			isa = PBXGroup;
			children = (
				29A7D7832233E8BB00788DD1 /* AreebWS.app */,
				29A7D79A2233E8C600788DD1 /* AreebWSTests.xctest */,
				29A7D7A52233E8C600788DD1 /* AreebWSUITests.xctest */,
			);
			name = Products;
			sourceTree = "<group>";
		};
		29A7D7852233E8BB00788DD1 /* AreebWS */ = {
			isa = PBXGroup;
			children = (
				29A7D7862233E8BB00788DD1 /* AppDelegate.swift */,
				29A7D7882233E8BB00788DD1 /* ViewController.swift */,
				29A7D78A2233E8BB00788DD1 /* Main.storyboard */,
				29A7D7902233E8C500788DD1 /* Assets.xcassets */,
				29A7D7922233E8C500788DD1 /* LaunchScreen.storyboard */,
				29A7D7952233E8C500788DD1 /* Info.plist */,
				29A7D78D2233E8BB00788DD1 /* AreebWS.xcdatamodeld */,
			);
			path = AreebWS;
			sourceTree = "<group>";
		};
		29A7D79D2233E8C600788DD1 /* AreebWSTests */ = {
			isa = PBXGroup;
			children = (
				29A7D79E2233E8C600788DD1 /* AreebWSTests.swift */,
				29A7D7A02233E8C600788DD1 /* Info.plist */,
			);
			path = AreebWSTests;
			sourceTree = "<group>";
		};
		29A7D7A82233E8C600788DD1 /* AreebWSUITests */ = {
			isa = PBXGroup;
			children = (
				29A7D7A92233E8C600788DD1 /* AreebWSUITests.swift */,
				29A7D7AB2233E8C600788DD1 /* Info.plist */,
			);
			path = AreebWSUITests;
			sourceTree = "<group>";
		};
		5A8D7BC81CD0E6BDDC29F116 /* Frameworks */ = {
			isa = PBXGroup;
			children = (
				8214895793D10D5BC9AC69A6 /* Pods_AreebWS.framework */,
				87FEF370B117E9A4881C3E86 /* Pods_AreebWSTests.framework */,
				53BFEEBD20D954ADACC341D8 /* Pods_AreebWSUITests.framework */,
			);
			name = Frameworks;
			sourceTree = "<group>";
		};
		E7471F08ABDFBD2B9BB2F7EC /* Pods */ = {
			isa = PBXGroup;
			children = (
				6847A89F639448EECE1B5E13 /* Pods-AreebWS.debug.xcconfig */,
				FDD36E0501DF2852A55CEF4A /* Pods-AreebWS.release.xcconfig */,
				1DC2FB1351877BFDF754EE9D /* Pods-AreebWSTests.debug.xcconfig */,
				C77BB7B6FE60E5858AB8A38A /* Pods-AreebWSTests.release.xcconfig */,
				45A3AE6ECA12700179F854A5 /* Pods-AreebWSUITests.debug.xcconfig */,
				DD71C3E4D04046DEAAD08DCB /* Pods-AreebWSUITests.release.xcconfig */,
			);
			path = Pods;
			sourceTree = "<group>";
		};
/* End PBXGroup section */

/* Begin PBXNativeTarget section */
		29A7D7822233E8BB00788DD1 /* AreebWS */ = {
			isa = PBXNativeTarget;
			buildConfigurationList = 29A7D7AE2233E8C600788DD1 /* Build configuration list for PBXNativeTarget "AreebWS" */;
			buildPhases = (
				AE671BE6C5CD3E92A368F4FB /* [CP] Check Pods Manifest.lock */,
				29A7D77F2233E8BB00788DD1 /* Sources */,
				29A7D7802233E8BB00788DD1 /* Frameworks */,
				29A7D7812233E8BB00788DD1 /* Resources */,
				29A7D7B72233EB2A00788DD1 /* SwiftLint */,
			);
			buildRules = (
			);
			dependencies = (
			);
			name = AreebWS;
			productName = AreebWS;
			productReference = 29A7D7832233E8BB00788DD1 /* AreebWS.app */;
			productType = "com.apple.product-type.application";
		};
		29A7D7992233E8C600788DD1 /* AreebWSTests */ = {
			isa = PBXNativeTarget;
			buildConfigurationList = 29A7D7B12233E8C600788DD1 /* Build configuration list for PBXNativeTarget "AreebWSTests" */;
			buildPhases = (
				1907BE53E7C3C484CECBB67F /* [CP] Check Pods Manifest.lock */,
				29A7D7962233E8C600788DD1 /* Sources */,
				29A7D7972233E8C600788DD1 /* Frameworks */,
				29A7D7982233E8C600788DD1 /* Resources */,
			);
			buildRules = (
			);
			dependencies = (
				29A7D79C2233E8C600788DD1 /* PBXTargetDependency */,
			);
			name = AreebWSTests;
			productName = AreebWSTests;
			productReference = 29A7D79A2233E8C600788DD1 /* AreebWSTests.xctest */;
			productType = "com.apple.product-type.bundle.unit-test";
		};
		29A7D7A42233E8C600788DD1 /* AreebWSUITests */ = {
			isa = PBXNativeTarget;
			buildConfigurationList = 29A7D7B42233E8C600788DD1 /* Build configuration list for PBXNativeTarget "AreebWSUITests" */;
			buildPhases = (
				6FA800D4E3215B2527DE52FB /* [CP] Check Pods Manifest.lock */,
				29A7D7A12233E8C600788DD1 /* Sources */,
				29A7D7A22233E8C600788DD1 /* Frameworks */,
				29A7D7A32233E8C600788DD1 /* Resources */,
			);
			buildRules = (
			);
			dependencies = (
				29A7D7A72233E8C600788DD1 /* PBXTargetDependency */,
			);
			name = AreebWSUITests;
			productName = AreebWSUITests;
			productReference = 29A7D7A52233E8C600788DD1 /* AreebWSUITests.xctest */;
			productType = "com.apple.product-type.bundle.ui-testing";
		};
/* End PBXNativeTarget section */

/* Begin PBXProject section */
		29A7D77B2233E8BB00788DD1 /* Project object */ = {
			isa = PBXProject;
			attributes = {
				LastSwiftUpdateCheck = 1000;
				LastUpgradeCheck = 1000;
				ORGANIZATIONNAME = "Abdallah Elmahlawy";
				TargetAttributes = {
					29A7D7822233E8BB00788DD1 = {
						CreatedOnToolsVersion = 10.0;
					};
					29A7D7992233E8C600788DD1 = {
						CreatedOnToolsVersion = 10.0;
						TestTargetID = 29A7D7822233E8BB00788DD1;
					};
					29A7D7A42233E8C600788DD1 = {
						CreatedOnToolsVersion = 10.0;
						TestTargetID = 29A7D7822233E8BB00788DD1;
					};
				};
			};
			buildConfigurationList = 29A7D77E2233E8BB00788DD1 /* Build configuration list for PBXProject "AreebWS" */;
			compatibilityVersion = "Xcode 9.3";
			developmentRegion = en;
			hasScannedForEncodings = 0;
			knownRegions = (
				en,
				Base,
			);
			mainGroup = 29A7D77A2233E8BB00788DD1;
			productRefGroup = 29A7D7842233E8BB00788DD1 /* Products */;
			projectDirPath = "";
			projectRoot = "";
			targets = (
				29A7D7822233E8BB00788DD1 /* AreebWS */,
				29A7D7992233E8C600788DD1 /* AreebWSTests */,
				29A7D7A42233E8C600788DD1 /* AreebWSUITests */,
			);
		};
/* End PBXProject section */

/* Begin PBXResourcesBuildPhase section */
		29A7D7812233E8BB00788DD1 /* Resources */ = {
			isa = PBXResourcesBuildPhase;
			buildActionMask = 2147483647;
			files = (
				29A7D7942233E8C500788DD1 /* LaunchScreen.storyboard in Resources */,
				29A7D7912233E8C500788DD1 /* Assets.xcassets in Resources */,
				29A7D78C2233E8BB00788DD1 /* Main.storyboard in Resources */,
			);
			runOnlyForDeploymentPostprocessing = 0;
		};
		29A7D7982233E8C600788DD1 /* Resources */ = {
			isa = PBXResourcesBuildPhase;
			buildActionMask = 2147483647;
			files = (
			);
			runOnlyForDeploymentPostprocessing = 0;
		};
		29A7D7A32233E8C600788DD1 /* Resources */ = {
			isa = PBXResourcesBuildPhase;
			buildActionMask = 2147483647;
			files = (
			);
			runOnlyForDeploymentPostprocessing = 0;
		};
/* End PBXResourcesBuildPhase section */

/* Begin PBXShellScriptBuildPhase section */
		1907BE53E7C3C484CECBB67F /* [CP] Check Pods Manifest.lock */ = {
			isa = PBXShellScriptBuildPhase;
			buildActionMask = 2147483647;
			files = (
			);
			inputFileListPaths = (
			);
			inputPaths = (
				"${PODS_PODFILE_DIR_PATH}/Podfile.lock",
				"${PODS_ROOT}/Manifest.lock",
			);
			name = "[CP] Check Pods Manifest.lock";
			outputFileListPaths = (
			);
			outputPaths = (
				"$(DERIVED_FILE_DIR)/Pods-AreebWSTests-checkManifestLockResult.txt",
			);
			runOnlyForDeploymentPostprocessing = 0;
			shellPath = /bin/sh;
			shellScript = "diff \"${PODS_PODFILE_DIR_PATH}/Podfile.lock\" \"${PODS_ROOT}/Manifest.lock\" > /dev/null\nif [ $? != 0 ] ; then\n    # print error to STDERR\n    echo \"error: The sandbox is not in sync with the Podfile.lock. Run 'pod install' or update your CocoaPods installation.\" >&2\n    exit 1\nfi\n# This output is used by Xcode 'outputs' to avoid re-running this script phase.\necho \"SUCCESS\" > \"${SCRIPT_OUTPUT_FILE_0}\"\n";
			showEnvVarsInLog = 0;
		};
		29A7D7B72233EB2A00788DD1 /* SwiftLint */ = {
			isa = PBXShellScriptBuildPhase;
			buildActionMask = 2147483647;
			files = (
			);
			inputFileListPaths = (
			);
			inputPaths = (
			);
			name = SwiftLint;
			outputFileListPaths = (
			);
			outputPaths = (
			);
			runOnlyForDeploymentPostprocessing = 0;
			shellPath = /bin/sh;
			shellScript = "\"${PODS_ROOT}/SwiftLint/swiftlint\" autocorrect\n";
		};
		6FA800D4E3215B2527DE52FB /* [CP] Check Pods Manifest.lock */ = {
			isa = PBXShellScriptBuildPhase;
			buildActionMask = 2147483647;
			files = (
			);
			inputFileListPaths = (
			);
			inputPaths = (
				"${PODS_PODFILE_DIR_PATH}/Podfile.lock",
				"${PODS_ROOT}/Manifest.lock",
			);
			name = "[CP] Check Pods Manifest.lock";
			outputFileListPaths = (
			);
			outputPaths = (
				"$(DERIVED_FILE_DIR)/Pods-AreebWSUITests-checkManifestLockResult.txt",
			);
			runOnlyForDeploymentPostprocessing = 0;
			shellPath = /bin/sh;
			shellScript = "diff \"${PODS_PODFILE_DIR_PATH}/Podfile.lock\" \"${PODS_ROOT}/Manifest.lock\" > /dev/null\nif [ $? != 0 ] ; then\n    # print error to STDERR\n    echo \"error: The sandbox is not in sync with the Podfile.lock. Run 'pod install' or update your CocoaPods installation.\" >&2\n    exit 1\nfi\n# This output is used by Xcode 'outputs' to avoid re-running this script phase.\necho \"SUCCESS\" > \"${SCRIPT_OUTPUT_FILE_0}\"\n";
			showEnvVarsInLog = 0;
		};
		AE671BE6C5CD3E92A368F4FB /* [CP] Check Pods Manifest.lock */ = {
			isa = PBXShellScriptBuildPhase;
			buildActionMask = 2147483647;
			files = (
			);
			inputFileListPaths = (
			);
			inputPaths = (
				"${PODS_PODFILE_DIR_PATH}/Podfile.lock",
				"${PODS_ROOT}/Manifest.lock",
			);
			name = "[CP] Check Pods Manifest.lock";
			outputFileListPaths = (
			);
			outputPaths = (
				"$(DERIVED_FILE_DIR)/Pods-AreebWS-checkManifestLockResult.txt",
			);
			runOnlyForDeploymentPostprocessing = 0;
			shellPath = /bin/sh;
			shellScript = "diff \"${PODS_PODFILE_DIR_PATH}/Podfile.lock\" \"${PODS_ROOT}/Manifest.lock\" > /dev/null\nif [ $? != 0 ] ; then\n    # print error to STDERR\n    echo \"error: The sandbox is not in sync with the Podfile.lock. Run 'pod install' or update your CocoaPods installation.\" >&2\n    exit 1\nfi\n# This output is used by Xcode 'outputs' to avoid re-running this script phase.\necho \"SUCCESS\" > \"${SCRIPT_OUTPUT_FILE_0}\"\n";
			showEnvVarsInLog = 0;
		};
/* End PBXShellScriptBuildPhase section */

/* Begin PBXSourcesBuildPhase section */
		29A7D77F2233E8BB00788DD1 /* Sources */ = {
			isa = PBXSourcesBuildPhase;
			buildActionMask = 2147483647;
			files = (
				29A7D7892233E8BB00788DD1 /* ViewController.swift in Sources */,
				29A7D7872233E8BB00788DD1 /* AppDelegate.swift in Sources */,
				29A7D78F2233E8BB00788DD1 /* AreebWS.xcdatamodeld in Sources */,
			);
			runOnlyForDeploymentPostprocessing = 0;
		};
		29A7D7962233E8C600788DD1 /* Sources */ = {
			isa = PBXSourcesBuildPhase;
			buildActionMask = 2147483647;
			files = (
				29A7D79F2233E8C600788DD1 /* AreebWSTests.swift in Sources */,
			);
			runOnlyForDeploymentPostprocessing = 0;
		};
		29A7D7A12233E8C600788DD1 /* Sources */ = {
			isa = PBXSourcesBuildPhase;
			buildActionMask = 2147483647;
			files = (
				29A7D7AA2233E8C600788DD1 /* AreebWSUITests.swift in Sources */,
			);
			runOnlyForDeploymentPostprocessing = 0;
		};
/* End PBXSourcesBuildPhase section */

/* Begin PBXTargetDependency section */
		29A7D79C2233E8C600788DD1 /* PBXTargetDependency */ = {
			isa = PBXTargetDependency;
			target = 29A7D7822233E8BB00788DD1 /* AreebWS */;
			targetProxy = 29A7D79B2233E8C600788DD1 /* PBXContainerItemProxy */;
		};
		29A7D7A72233E8C600788DD1 /* PBXTargetDependency */ = {
			isa = PBXTargetDependency;
			target = 29A7D7822233E8BB00788DD1 /* AreebWS */;
			targetProxy = 29A7D7A62233E8C600788DD1 /* PBXContainerItemProxy */;
		};
/* End PBXTargetDependency section */

/* Begin PBXVariantGroup section */
		29A7D78A2233E8BB00788DD1 /* Main.storyboard */ = {
			isa = PBXVariantGroup;
			children = (
				29A7D78B2233E8BB00788DD1 /* Base */,
			);
			name = Main.storyboard;
			sourceTree = "<group>";
		};
		29A7D7922233E8C500788DD1 /* LaunchScreen.storyboard */ = {
			isa = PBXVariantGroup;
			children = (
				29A7D7932233E8C500788DD1 /* Base */,
			);
			name = LaunchScreen.storyboard;
			sourceTree = "<group>";
		};
/* End PBXVariantGroup section */

/* Begin XCBuildConfiguration section */
		29A7D7AC2233E8C600788DD1 /* Debug */ = {
			isa = XCBuildConfiguration;
			buildSettings = {
				ALWAYS_SEARCH_USER_PATHS = NO;
				CLANG_ANALYZER_NONNULL = YES;
				CLANG_ANALYZER_NUMBER_OBJECT_CONVERSION = YES_AGGRESSIVE;
				CLANG_CXX_LANGUAGE_STANDARD = "gnu++14";
				CLANG_CXX_LIBRARY = "libc++";
				CLANG_ENABLE_MODULES = YES;
				CLANG_ENABLE_OBJC_ARC = YES;
				CLANG_ENABLE_OBJC_WEAK = YES;
				CLANG_WARN_BLOCK_CAPTURE_AUTORELEASING = YES;
				CLANG_WARN_BOOL_CONVERSION = YES;
				CLANG_WARN_COMMA = YES;
				CLANG_WARN_CONSTANT_CONVERSION = YES;
				CLANG_WARN_DEPRECATED_OBJC_IMPLEMENTATIONS = YES;
				CLANG_WARN_DIRECT_OBJC_ISA_USAGE = YES_ERROR;
				CLANG_WARN_DOCUMENTATION_COMMENTS = YES;
				CLANG_WARN_EMPTY_BODY = YES;
				CLANG_WARN_ENUM_CONVERSION = YES;
				CLANG_WARN_INFINITE_RECURSION = YES;
				CLANG_WARN_INT_CONVERSION = YES;
				CLANG_WARN_NON_LITERAL_NULL_CONVERSION = YES;
				CLANG_WARN_OBJC_IMPLICIT_RETAIN_SELF = YES;
				CLANG_WARN_OBJC_LITERAL_CONVERSION = YES;
				CLANG_WARN_OBJC_ROOT_CLASS = YES_ERROR;
				CLANG_WARN_RANGE_LOOP_ANALYSIS = YES;
				CLANG_WARN_STRICT_PROTOTYPES = YES;
				CLANG_WARN_SUSPICIOUS_MOVE = YES;
				CLANG_WARN_UNGUARDED_AVAILABILITY = YES_AGGRESSIVE;
				CLANG_WARN_UNREACHABLE_CODE = YES;
				CLANG_WARN__DUPLICATE_METHOD_MATCH = YES;
				CODE_SIGN_IDENTITY = "iPhone Developer";
				COPY_PHASE_STRIP = NO;
				DEBUG_INFORMATION_FORMAT = dwarf;
				ENABLE_STRICT_OBJC_MSGSEND = YES;
				ENABLE_TESTABILITY = YES;
				GCC_C_LANGUAGE_STANDARD = gnu11;
				GCC_DYNAMIC_NO_PIC = NO;
				GCC_NO_COMMON_BLOCKS = YES;
				GCC_OPTIMIZATION_LEVEL = 0;
				GCC_PREPROCESSOR_DEFINITIONS = (
					"DEBUG=1",
					"$(inherited)",
				);
				GCC_WARN_64_TO_32_BIT_CONVERSION = YES;
				GCC_WARN_ABOUT_RETURN_TYPE = YES_ERROR;
				GCC_WARN_UNDECLARED_SELECTOR = YES;
				GCC_WARN_UNINITIALIZED_AUTOS = YES_AGGRESSIVE;
				GCC_WARN_UNUSED_FUNCTION = YES;
				GCC_WARN_UNUSED_VARIABLE = YES;
				IPHONEOS_DEPLOYMENT_TARGET = 12.0;
				MTL_ENABLE_DEBUG_INFO = INCLUDE_SOURCE;
				MTL_FAST_MATH = YES;
				ONLY_ACTIVE_ARCH = YES;
				SDKROOT = iphoneos;
				SWIFT_ACTIVE_COMPILATION_CONDITIONS = DEBUG;
				SWIFT_OPTIMIZATION_LEVEL = "-Onone";
			};
			name = Debug;
		};
		29A7D7AD2233E8C600788DD1 /* Release */ = {
			isa = XCBuildConfiguration;
			buildSettings = {
				ALWAYS_SEARCH_USER_PATHS = NO;
				CLANG_ANALYZER_NONNULL = YES;
				CLANG_ANALYZER_NUMBER_OBJECT_CONVERSION = YES_AGGRESSIVE;
				CLANG_CXX_LANGUAGE_STANDARD = "gnu++14";
				CLANG_CXX_LIBRARY = "libc++";
				CLANG_ENABLE_MODULES = YES;
				CLANG_ENABLE_OBJC_ARC = YES;
				CLANG_ENABLE_OBJC_WEAK = YES;
				CLANG_WARN_BLOCK_CAPTURE_AUTORELEASING = YES;
				CLANG_WARN_BOOL_CONVERSION = YES;
				CLANG_WARN_COMMA = YES;
				CLANG_WARN_CONSTANT_CONVERSION = YES;
				CLANG_WARN_DEPRECATED_OBJC_IMPLEMENTATIONS = YES;
				CLANG_WARN_DIRECT_OBJC_ISA_USAGE = YES_ERROR;
				CLANG_WARN_DOCUMENTATION_COMMENTS = YES;
				CLANG_WARN_EMPTY_BODY = YES;
				CLANG_WARN_ENUM_CONVERSION = YES;
				CLANG_WARN_INFINITE_RECURSION = YES;
				CLANG_WARN_INT_CONVERSION = YES;
				CLANG_WARN_NON_LITERAL_NULL_CONVERSION = YES;
				CLANG_WARN_OBJC_IMPLICIT_RETAIN_SELF = YES;
				CLANG_WARN_OBJC_LITERAL_CONVERSION = YES;
				CLANG_WARN_OBJC_ROOT_CLASS = YES_ERROR;
				CLANG_WARN_RANGE_LOOP_ANALYSIS = YES;
				CLANG_WARN_STRICT_PROTOTYPES = YES;
				CLANG_WARN_SUSPICIOUS_MOVE = YES;
				CLANG_WARN_UNGUARDED_AVAILABILITY = YES_AGGRESSIVE;
				CLANG_WARN_UNREACHABLE_CODE = YES;
				CLANG_WARN__DUPLICATE_METHOD_MATCH = YES;
				CODE_SIGN_IDENTITY = "iPhone Developer";
				COPY_PHASE_STRIP = NO;
				DEBUG_INFORMATION_FORMAT = "dwarf-with-dsym";
				ENABLE_NS_ASSERTIONS = NO;
				ENABLE_STRICT_OBJC_MSGSEND = YES;
				GCC_C_LANGUAGE_STANDARD = gnu11;
				GCC_NO_COMMON_BLOCKS = YES;
				GCC_WARN_64_TO_32_BIT_CONVERSION = YES;
				GCC_WARN_ABOUT_RETURN_TYPE = YES_ERROR;
				GCC_WARN_UNDECLARED_SELECTOR = YES;
				GCC_WARN_UNINITIALIZED_AUTOS = YES_AGGRESSIVE;
				GCC_WARN_UNUSED_FUNCTION = YES;
				GCC_WARN_UNUSED_VARIABLE = YES;
				IPHONEOS_DEPLOYMENT_TARGET = 12.0;
				MTL_ENABLE_DEBUG_INFO = NO;
				MTL_FAST_MATH = YES;
				SDKROOT = iphoneos;
				SWIFT_COMPILATION_MODE = wholemodule;
				SWIFT_OPTIMIZATION_LEVEL = "-O";
				VALIDATE_PRODUCT = YES;
			};
			name = Release;
		};
		29A7D7AF2233E8C600788DD1 /* Debug */ = {
			isa = XCBuildConfiguration;
			baseConfigurationReference = 6847A89F639448EECE1B5E13 /* Pods-AreebWS.debug.xcconfig */;
			buildSettings = {
				ASSETCATALOG_COMPILER_APPICON_NAME = AppIcon;
				CODE_SIGN_STYLE = Automatic;
				INFOPLIST_FILE = AreebWS/Info.plist;
				LD_RUNPATH_SEARCH_PATHS = (
					"$(inherited)",
					"@executable_path/Frameworks",
				);
				PRODUCT_BUNDLE_IDENTIFIER = "Abdallah-Elmahlawy.AreebWS";
				PRODUCT_NAME = "$(TARGET_NAME)";
				SWIFT_VERSION = 4.2;
				TARGETED_DEVICE_FAMILY = "1,2";
			};
			name = Debug;
		};
		29A7D7B02233E8C600788DD1 /* Release */ = {
			isa = XCBuildConfiguration;
			baseConfigurationReference = FDD36E0501DF2852A55CEF4A /* Pods-AreebWS.release.xcconfig */;
			buildSettings = {
				ASSETCATALOG_COMPILER_APPICON_NAME = AppIcon;
				CODE_SIGN_STYLE = Automatic;
				INFOPLIST_FILE = AreebWS/Info.plist;
				LD_RUNPATH_SEARCH_PATHS = (
					"$(inherited)",
					"@executable_path/Frameworks",
				);
				PRODUCT_BUNDLE_IDENTIFIER = "Abdallah-Elmahlawy.AreebWS";
				PRODUCT_NAME = "$(TARGET_NAME)";
				SWIFT_VERSION = 4.2;
				TARGETED_DEVICE_FAMILY = "1,2";
			};
			name = Release;
		};
		29A7D7B22233E8C600788DD1 /* Debug */ = {
			isa = XCBuildConfiguration;
			baseConfigurationReference = 1DC2FB1351877BFDF754EE9D /* Pods-AreebWSTests.debug.xcconfig */;
			buildSettings = {
				ALWAYS_EMBED_SWIFT_STANDARD_LIBRARIES = YES;
				BUNDLE_LOADER = "$(TEST_HOST)";
				CODE_SIGN_STYLE = Automatic;
				INFOPLIST_FILE = AreebWSTests/Info.plist;
				LD_RUNPATH_SEARCH_PATHS = (
					"$(inherited)",
					"@executable_path/Frameworks",
					"@loader_path/Frameworks",
				);
				PRODUCT_BUNDLE_IDENTIFIER = "Abdallah-Elmahlawy.AreebWSTests";
				PRODUCT_NAME = "$(TARGET_NAME)";
				SWIFT_VERSION = 4.2;
				TARGETED_DEVICE_FAMILY = "1,2";
				TEST_HOST = "$(BUILT_PRODUCTS_DIR)/AreebWS.app/AreebWS";
			};
			name = Debug;
		};
		29A7D7B32233E8C600788DD1 /* Release */ = {
			isa = XCBuildConfiguration;
			baseConfigurationReference = C77BB7B6FE60E5858AB8A38A /* Pods-AreebWSTests.release.xcconfig */;
			buildSettings = {
				ALWAYS_EMBED_SWIFT_STANDARD_LIBRARIES = YES;
				BUNDLE_LOADER = "$(TEST_HOST)";
				CODE_SIGN_STYLE = Automatic;
				INFOPLIST_FILE = AreebWSTests/Info.plist;
				LD_RUNPATH_SEARCH_PATHS = (
					"$(inherited)",
					"@executable_path/Frameworks",
					"@loader_path/Frameworks",
				);
				PRODUCT_BUNDLE_IDENTIFIER = "Abdallah-Elmahlawy.AreebWSTests";
				PRODUCT_NAME = "$(TARGET_NAME)";
				SWIFT_VERSION = 4.2;
				TARGETED_DEVICE_FAMILY = "1,2";
				TEST_HOST = "$(BUILT_PRODUCTS_DIR)/AreebWS.app/AreebWS";
			};
			name = Release;
		};
		29A7D7B52233E8C600788DD1 /* Debug */ = {
			isa = XCBuildConfiguration;
			baseConfigurationReference = 45A3AE6ECA12700179F854A5 /* Pods-AreebWSUITests.debug.xcconfig */;
			buildSettings = {
				ALWAYS_EMBED_SWIFT_STANDARD_LIBRARIES = YES;
				CODE_SIGN_STYLE = Automatic;
				INFOPLIST_FILE = AreebWSUITests/Info.plist;
				LD_RUNPATH_SEARCH_PATHS = (
					"$(inherited)",
					"@executable_path/Frameworks",
					"@loader_path/Frameworks",
				);
				PRODUCT_BUNDLE_IDENTIFIER = "Abdallah-Elmahlawy.AreebWSUITests";
				PRODUCT_NAME = "$(TARGET_NAME)";
				SWIFT_VERSION = 4.2;
				TARGETED_DEVICE_FAMILY = "1,2";
				TEST_TARGET_NAME = AreebWS;
			};
			name = Debug;
		};
		29A7D7B62233E8C600788DD1 /* Release */ = {
			isa = XCBuildConfiguration;
			baseConfigurationReference = DD71C3E4D04046DEAAD08DCB /* Pods-AreebWSUITests.release.xcconfig */;
			buildSettings = {
				ALWAYS_EMBED_SWIFT_STANDARD_LIBRARIES = YES;
				CODE_SIGN_STYLE = Automatic;
				INFOPLIST_FILE = AreebWSUITests/Info.plist;
				LD_RUNPATH_SEARCH_PATHS = (
					"$(inherited)",
					"@executable_path/Frameworks",
					"@loader_path/Frameworks",
				);
				PRODUCT_BUNDLE_IDENTIFIER = "Abdallah-Elmahlawy.AreebWSUITests";
				PRODUCT_NAME = "$(TARGET_NAME)";
				SWIFT_VERSION = 4.2;
				TARGETED_DEVICE_FAMILY = "1,2";
				TEST_TARGET_NAME = AreebWS;
			};
			name = Release;
		};
/* End XCBuildConfiguration section */

/* Begin XCConfigurationList section */
		29A7D77E2233E8BB00788DD1 /* Build configuration list for PBXProject "AreebWS" */ = {
			isa = XCConfigurationList;
			buildConfigurations = (
				29A7D7AC2233E8C600788DD1 /* Debug */,
				29A7D7AD2233E8C600788DD1 /* Release */,
			);
			defaultConfigurationIsVisible = 0;
			defaultConfigurationName = Release;
		};
		29A7D7AE2233E8C600788DD1 /* Build configuration list for PBXNativeTarget "AreebWS" */ = {
			isa = XCConfigurationList;
			buildConfigurations = (
				29A7D7AF2233E8C600788DD1 /* Debug */,
				29A7D7B02233E8C600788DD1 /* Release */,
			);
			defaultConfigurationIsVisible = 0;
			defaultConfigurationName = Release;
		};
		29A7D7B12233E8C600788DD1 /* Build configuration list for PBXNativeTarget "AreebWSTests" */ = {
			isa = XCConfigurationList;
			buildConfigurations = (
				29A7D7B22233E8C600788DD1 /* Debug */,
				29A7D7B32233E8C600788DD1 /* Release */,
			);
			defaultConfigurationIsVisible = 0;
			defaultConfigurationName = Release;
		};
		29A7D7B42233E8C600788DD1 /* Build configuration list for PBXNativeTarget "AreebWSUITests" */ = {
			isa = XCConfigurationList;
			buildConfigurations = (
				29A7D7B52233E8C600788DD1 /* Debug */,
				29A7D7B62233E8C600788DD1 /* Release */,
			);
			defaultConfigurationIsVisible = 0;
			defaultConfigurationName = Release;
		};
/* End XCConfigurationList section */

/* Begin XCVersionGroup section */
		29A7D78D2233E8BB00788DD1 /* AreebWS.xcdatamodeld */ = {
			isa = XCVersionGroup;
			children = (
				29A7D78E2233E8BB00788DD1 /* AreebWS.xcdatamodel */,
			);
			currentVersion = 29A7D78E2233E8BB00788DD1 /* AreebWS.xcdatamodel */;
			path = AreebWS.xcdatamodeld;
			sourceTree = "<group>";
			versionGroupType = wrapper.xcdatamodel;
		};
/* End XCVersionGroup section */
	};
	rootObject = 29A7D77B2233E8BB00788DD1 /* Project object */;
}
